# This file is generated by running "yarn install" inside your project.
# Manual changes might be lost - proceed with caution!

__metadata:
  version: 8
  cacheKey: 10c0

"keycloak-angular@npm:^20.0.0":
  version: 20.0.0
  resolution: "keycloak-angular@npm:20.0.0"
  dependencies:
    tslib: "npm:^2.3.1"
  peerDependencies:
    "@angular/common": ^20
    "@angular/core": ^20
    "@angular/router": ^20
    keycloak-js: ^18 || ^19 || ^20 || ^21 || ^22 || ^23 || ^24 || ^25 || ^26
    rxjs: ^7
  checksum: 10c0/83f83c745fcc096a7fb72c93ef4fb5802c46a5e806c041ca1d2dac5be690b90816811fc9847230ef1d660ca56a833557a44f9c57a7896aa7ba8c19f1ffd63136
  languageName: node
  linkType: hard

"keycloak-js@npm:^26.2.1":
  version: 26.2.1
  resolution: "keycloak-js@npm:26.2.1"
  checksum: 10c0/d1ed30960a51c11f72b1a260407b012cdee56d685b7b0e74ea52f90882b760a39a234f136f1c05b77c736db21474327034396d47ca427dcdf1ccb59358135132
  languageName: node
  linkType: hard

"root-workspace-0b6124@workspace:.":
  version: 0.0.0-use.local
  resolution: "root-workspace-0b6124@workspace:."
  dependencies:
    keycloak-angular: "npm:^20.0.0"
    keycloak-js: "npm:^26.2.1"
  languageName: unknown
  linkType: soft

"tslib@npm:^2.3.1":
  version: 2.8.1
  resolution: "tslib@npm:2.8.1"
  checksum: 10c0/9c4759110a19c53f992d9aae23aac5ced636e99887b51b9e61def52611732872ff7668757d4e4c61f19691e36f4da981cd9485e869b4a7408d689f6bf1f14e62
  languageName: node
  linkType: hard
